{
  "name": "usekyber-compat-tests",
  "version": "1.0.0",
  "lockfileVersion": 3,
  "requires": true,
  "packages": {
    "": {
      "name": "usekyber-compat-tests",
      "version": "1.0.0",
      "license": "MIT",
      "dependencies": {
        "js-kyber": "^1.1.0"
      }
    },
    "node_modules/js-kyber": {
      "version": "1.1.0",
      "resolved": "https://registry.npmjs.org/js-kyber/-/js-kyber-1.1.0.tgz",
      "integrity": "sha512-2pqS2Ycm7/bvsw0uYHGCVeV0ICVi8hUBVe9vufJvmLa1RnZgsJknJ21xno7lq4MijGkkyytadEUbsnm+MxdXcg==",
      "license": "MIT"
    }
  }
}
